
Microsoft Visual Studio Solution File, Format Version 10.00
# Visual C++ Express 2008
Project("{8BC9CEB8-8B4A-11D0-8D11-00A0C91BC942}") = "trim_image", "trim_image\trim_image.vcproj", "{EDFB4209-A599-4AEA-AAE7-CE4950D851B1}"
EndProject
Global
	GlobalSection(SolutionConfigurationPlatforms) = preSolution
		Debug|Win32 = Debug|Win32
		Release|Win32 = Release|Win32
	EndGlobalSection
	GlobalSection(ProjectConfigurationPlatforms) = postSolution
		{EDFB4209-A599-4AEA-AAE7-CE4950D851B1}.Debug|Win32.ActiveCfg = Debug|Win32
		{EDFB4209-A599-4AEA-AAE7-CE4950D851B1}.Debug|Win32.Build.0 = Debug|Win32
		{EDFB4209-A599-4AEA-AAE7-CE4950D851B1}.Release|Win32.ActiveCfg = Release|Win32
		{EDFB4209-A599-4AEA-AAE7-CE4950D851B1}.Release|Win32.Build.0 = Release|Win32
	EndGlobalSection
	GlobalSection(SolutionProperties) = preSolution
		HideSolutionNode = FALSE
	EndGlobalSection
EndGlobal
